
Microsoft Visual Studio Solution File, Format Version 12.00
# Visual Studio Version 17
VisualStudioVersion = 17.8.34525.116
MinimumVisualStudioVersion = 10.0.40219.1
Project("{9A19103F-16F7-4668-BE54-9A1E7A4F7556}") = "UsualScrap", "UsualScrap.csproj", "{F53E0C07-9955-4CDD-AB53-ECA7F43066BA}"
EndProject
Global
	GlobalSection(SolutionConfigurationPlatforms) = preSolution
		Debug|Any CPU = Debug|Any CPU
		Release|Any CPU = Release|Any CPU
	EndGlobalSection
	GlobalSection(ProjectConfigurationPlatforms) = postSolution
		{F53E0C07-9955-4CDD-AB53-ECA7F43066BA}.Debug|Any CPU.ActiveCfg = Debug|Any CPU
		{F53E0C07-9955-4CDD-AB53-ECA7F43066BA}.Debug|Any CPU.Build.0 = Debug|Any CPU
		{F53E0C07-9955-4CDD-AB53-ECA7F43066BA}.Release|Any CPU.ActiveCfg = Release|Any CPU
		{F53E0C07-9955-4CDD-AB53-ECA7F43066BA}.Release|Any CPU.Build.0 = Release|Any CPU
	EndGlobalSection
	GlobalSection(SolutionProperties) = preSolution
		HideSolutionNode = FALSE
	EndGlobalSection
	GlobalSection(ExtensibilityGlobals) = postSolution
		SolutionGuid = {70B7D578-DA69-4D4E-B7F1-326A9760487B}
	EndGlobalSection
EndGlobal
